<?xml version="1.0" encoding="utf-8"?>
<Project ToolsVersion="4.0" xmlns="http://schemas.microsoft.com/developer/msbuild/2003">
  <ItemGroup>
    <Filter Include="Resource Files">
      <UniqueIdentifier>{67DA6AB6-F800-4c08-8B7A-83BB121AAD01}</UniqueIdentifier>
      <Extensions>rc;ico;cur;bmp;dlg;rc2;rct;bin;rgs;gif;jpg;jpeg;jpe;resx;tiff;tif;png;wav;mfcribbon-ms</Extensions>
    </Filter>
    <Filter Include="Source">
      <UniqueIdentifier>{6c501ce6-29f8-4dd7-8f96-40959b5efd46}</UniqueIdentifier>
    </Filter>
    <Filter Include="Source\PowerPC">
      <UniqueIdentifier>{fbb70c46-e7f6-4501-a5d5-5cc2f3b59e9a}</UniqueIdentifier>
    </Filter>
    <Filter Include="Source\Runtime">
      <UniqueIdentifier>{f8ac4a2b-7eec-4bd9-99a1-71762cada906}</UniqueIdentifier>
    </Filter>
    <Filter Include="Source\Runtime\Kernel">
      <UniqueIdentifier>{cde8b11a-bb57-4a30-b017-5d76a44e6e22}</UniqueIdentifier>
    </Filter>
    <Filter Include="Source\Runtime\Direct3D 9">
      <UniqueIdentifier>{0f5417ab-4fab-4854-905e-6e58e42b6e52}</UniqueIdentifier>
    </Filter>
    <Filter Include="Source\Melody">
      <UniqueIdentifier>{26d2c660-9d70-4054-aaf3-1288b88f352c}</UniqueIdentifier>
    </Filter>
    <Filter Include="Source\Runtime\Xenon">
      <UniqueIdentifier>{4d44b6e1-b23d-44d4-85b1-8c79a3d48aff}</UniqueIdentifier>
    </Filter>
    <Filter Include="Source\Runtime\Host">
      <UniqueIdentifier>{c3c03895-d24e-4ecf-be5a-59a4c8b7b4e8}</UniqueIdentifier>
    </Filter>
    <Filter Include="Source\Utils">
      <UniqueIdentifier>{195ec11f-4892-43df-95b7-df055550a068}</UniqueIdentifier>
    </Filter>
    <Filter Include="Dependencies">
      <UniqueIdentifier>{08b809a5-56ea-4bad-a1bb-4d5d92682c06}</UniqueIdentifier>
    </Filter>
    <Filter Include="Source\Runtime\XAudio">
      <UniqueIdentifier>{045aaa70-34a1-4004-a0a9-7ba2004a165d}</UniqueIdentifier>
    </Filter>
    <Filter Include="Source\Runtime\XAudio\Driver">
      <UniqueIdentifier>{83d024a6-9438-496b-9832-f18770dd488c}</UniqueIdentifier>
    </Filter>
  </ItemGroup>
  <ItemGroup>
    <ClInclude Include="runtime\kernel\memory.hpp">
      <Filter>Source\Runtime\Kernel</Filter>
    </ClInclude>
    <ClInclude Include="runtime\direct3d9\d3d9_x.hpp">
      <Filter>Source\Runtime\Direct3D 9</Filter>
    </ClInclude>
    <ClInclude Include="recompiled\ppc\ppc_config.h">
      <Filter>Source\PowerPC</Filter>
    </ClInclude>
    <ClInclude Include="recompiled\ppc\ppc_context.h">
      <Filter>Source\PowerPC</Filter>
    </ClInclude>
    <ClInclude Include="recompiled\ppc\ppc_recomp_shared.h">
      <Filter>Source\PowerPC</Filter>
    </ClInclude>
    <ClInclude Include="runtime\hook.hpp">
      <Filter>Source\Runtime</Filter>
    </ClInclude>
    <ClInclude Include="melody\shader_pass_descriptor.hpp">
      <Filter>Source\Melody</Filter>
    </ClInclude>
    <ClInclude Include="melody\base_object.hpp">
      <Filter>Source\Melody</Filter>
    </ClInclude>
    <ClInclude Include="melody\graphics_data_item.hpp">
      <Filter>Source\Melody</Filter>
    </ClInclude>
    <ClInclude Include="melody\x360_shader_parameters_data_item.hpp">
      <Filter>Source\Melody</Filter>
    </ClInclude>
    <ClInclude Include="runtime\kernel\xdm.hpp">
      <Filter>Source\Runtime\Kernel</Filter>
    </ClInclude>
    <ClInclude Include="runtime\xenon\guest_stack_var.hpp">
      <Filter>Source\Runtime\Xenon</Filter>
    </ClInclude>
    <ClInclude Include="runtime\xenon\guest_thread.hpp">
      <Filter>Source\Runtime\Xenon</Filter>
    </ClInclude>
    <ClInclude Include="runtime\xenon\xcpu_context.hpp">
      <Filter>Source\Runtime\Xenon</Filter>
    </ClInclude>
    <ClInclude Include="runtime\kernel\xam.hpp">
      <Filter>Source\Runtime\Kernel</Filter>
    </ClInclude>
    <ClInclude Include="runtime\kernel\heap.hpp">
      <Filter>Source\Runtime\Kernel</Filter>
    </ClInclude>
    <ClInclude Include="runtime\host\mutex.hpp">
      <Filter>Source\Runtime\Host</Filter>
    </ClInclude>
    <ClInclude Include="runtime\kernel\free_list.hpp">
      <Filter>Source\Runtime\Kernel</Filter>
    </ClInclude>
    <ClInclude Include="utils\xxhashmap.hpp">
      <Filter>Source\Utils</Filter>
    </ClInclude>
    <ClInclude Include="dependencies\o1heap.h">
      <Filter>Dependencies</Filter>
    </ClInclude>
    <ClInclude Include="runtime\xaudio\xaudio.hpp">
      <Filter>Source\Runtime\XAudio</Filter>
    </ClInclude>
    <ClInclude Include="utils\x_flipper_360.hpp">
      <Filter>Source\Utils</Filter>
    </ClInclude>
  </ItemGroup>
  <ItemGroup>
    <ClCompile Include="recompiled\ppc\ppc_func_mapping.cpp">
      <Filter>Source\PowerPC</Filter>
    </ClCompile>
    <ClCompile Include="recompiled\ppc\ppc_recomp.0.cpp">
      <Filter>Source\PowerPC</Filter>
    </ClCompile>
    <ClCompile Include="recompiled\ppc\ppc_recomp.1.cpp">
      <Filter>Source\PowerPC</Filter>
    </ClCompile>
    <ClCompile Include="recompiled\ppc\ppc_recomp.2.cpp">
      <Filter>Source\PowerPC</Filter>
    </ClCompile>
    <ClCompile Include="recompiled\ppc\ppc_recomp.3.cpp">
      <Filter>Source\PowerPC</Filter>
    </ClCompile>
    <ClCompile Include="recompiled\ppc\ppc_recomp.4.cpp">
      <Filter>Source\PowerPC</Filter>
    </ClCompile>
    <ClCompile Include="recompiled\ppc\ppc_recomp.5.cpp">
      <Filter>Source\PowerPC</Filter>
    </ClCompile>
    <ClCompile Include="recompiled\ppc\ppc_recomp.6.cpp">
      <Filter>Source\PowerPC</Filter>
    </ClCompile>
    <ClCompile Include="recompiled\ppc\ppc_recomp.7.cpp">
      <Filter>Source\PowerPC</Filter>
    </ClCompile>
    <ClCompile Include="recompiled\ppc\ppc_recomp.8.cpp">
      <Filter>Source\PowerPC</Filter>
    </ClCompile>
    <ClCompile Include="recompiled\ppc\ppc_recomp.9.cpp">
      <Filter>Source\PowerPC</Filter>
    </ClCompile>
    <ClCompile Include="recompiled\ppc\ppc_recomp.10.cpp">
      <Filter>Source\PowerPC</Filter>
    </ClCompile>
    <ClCompile Include="recompiled\ppc\ppc_recomp.11.cpp">
      <Filter>Source\PowerPC</Filter>
    </ClCompile>
    <ClCompile Include="recompiled\ppc\ppc_recomp.12.cpp">
      <Filter>Source\PowerPC</Filter>
    </ClCompile>
    <ClCompile Include="recompiled\ppc\ppc_recomp.13.cpp">
      <Filter>Source\PowerPC</Filter>
    </ClCompile>
    <ClCompile Include="recompiled\ppc\ppc_recomp.14.cpp">
      <Filter>Source\PowerPC</Filter>
    </ClCompile>
    <ClCompile Include="recompiled\ppc\ppc_recomp.15.cpp">
      <Filter>Source\PowerPC</Filter>
    </ClCompile>
    <ClCompile Include="recompiled\ppc\ppc_recomp.16.cpp">
      <Filter>Source\PowerPC</Filter>
    </ClCompile>
    <ClCompile Include="recompiled\ppc\ppc_recomp.17.cpp">
      <Filter>Source\PowerPC</Filter>
    </ClCompile>
    <ClCompile Include="recompiled\ppc\ppc_recomp.18.cpp">
      <Filter>Source\PowerPC</Filter>
    </ClCompile>
    <ClCompile Include="recompiled\ppc\ppc_recomp.19.cpp">
      <Filter>Source\PowerPC</Filter>
    </ClCompile>
    <ClCompile Include="recompiled\ppc\ppc_recomp.20.cpp">
      <Filter>Source\PowerPC</Filter>
    </ClCompile>
    <ClCompile Include="recompiled\ppc\ppc_recomp.21.cpp">
      <Filter>Source\PowerPC</Filter>
    </ClCompile>
    <ClCompile Include="recompiled\ppc\ppc_recomp.22.cpp">
      <Filter>Source\PowerPC</Filter>
    </ClCompile>
    <ClCompile Include="recompiled\ppc\ppc_recomp.23.cpp">
      <Filter>Source\PowerPC</Filter>
    </ClCompile>
    <ClCompile Include="recompiled\ppc\ppc_recomp.24.cpp">
      <Filter>Source\PowerPC</Filter>
    </ClCompile>
    <ClCompile Include="recompiled\ppc\ppc_recomp.25.cpp">
      <Filter>Source\PowerPC</Filter>
    </ClCompile>
    <ClCompile Include="recompiled\ppc\ppc_recomp.26.cpp">
      <Filter>Source\PowerPC</Filter>
    </ClCompile>
    <ClCompile Include="recompiled\ppc\ppc_recomp.27.cpp">
      <Filter>Source\PowerPC</Filter>
    </ClCompile>
    <ClCompile Include="recompiled\ppc\ppc_recomp.28.cpp">
      <Filter>Source\PowerPC</Filter>
    </ClCompile>
    <ClCompile Include="recompiled\ppc\ppc_recomp.29.cpp">
      <Filter>Source\PowerPC</Filter>
    </ClCompile>
    <ClCompile Include="recompiled\ppc\ppc_recomp.30.cpp">
      <Filter>Source\PowerPC</Filter>
    </ClCompile>
    <ClCompile Include="recompiled\ppc\ppc_recomp.31.cpp">
      <Filter>Source\PowerPC</Filter>
    </ClCompile>
    <ClCompile Include="recompiled\ppc\ppc_recomp.32.cpp">
      <Filter>Source\PowerPC</Filter>
    </ClCompile>
    <ClCompile Include="recompiled\ppc\ppc_recomp.33.cpp">
      <Filter>Source\PowerPC</Filter>
    </ClCompile>
    <ClCompile Include="recompiled\ppc\ppc_recomp.34.cpp">
      <Filter>Source\PowerPC</Filter>
    </ClCompile>
    <ClCompile Include="recompiled\ppc\ppc_recomp.35.cpp">
      <Filter>Source\PowerPC</Filter>
    </ClCompile>
    <ClCompile Include="recompiled\ppc\ppc_recomp.36.cpp">
      <Filter>Source\PowerPC</Filter>
    </ClCompile>
    <ClCompile Include="recompiled\ppc\ppc_recomp.37.cpp">
      <Filter>Source\PowerPC</Filter>
    </ClCompile>
    <ClCompile Include="recompiled\ppc\ppc_recomp.38.cpp">
      <Filter>Source\PowerPC</Filter>
    </ClCompile>
    <ClCompile Include="recompiled\ppc\ppc_recomp.39.cpp">
      <Filter>Source\PowerPC</Filter>
    </ClCompile>
    <ClCompile Include="recompiled\ppc\ppc_recomp.40.cpp">
      <Filter>Source\PowerPC</Filter>
    </ClCompile>
    <ClCompile Include="recompiled\ppc\ppc_recomp.41.cpp">
      <Filter>Source\PowerPC</Filter>
    </ClCompile>
    <ClCompile Include="recompiled\ppc\ppc_recomp.42.cpp">
      <Filter>Source\PowerPC</Filter>
    </ClCompile>
    <ClCompile Include="recompiled\ppc\ppc_recomp.43.cpp">
      <Filter>Source\PowerPC</Filter>
    </ClCompile>
    <ClCompile Include="recompiled\ppc\ppc_recomp.44.cpp">
      <Filter>Source\PowerPC</Filter>
    </ClCompile>
    <ClCompile Include="recompiled\ppc\ppc_recomp.45.cpp">
      <Filter>Source\PowerPC</Filter>
    </ClCompile>
    <ClCompile Include="recompiled\ppc\ppc_recomp.46.cpp">
      <Filter>Source\PowerPC</Filter>
    </ClCompile>
    <ClCompile Include="recompiled\ppc\ppc_recomp.47.cpp">
      <Filter>Source\PowerPC</Filter>
    </ClCompile>
    <ClCompile Include="recompiled\ppc\ppc_recomp.48.cpp">
      <Filter>Source\PowerPC</Filter>
    </ClCompile>
    <ClCompile Include="recompiled\ppc\ppc_recomp.49.cpp">
      <Filter>Source\PowerPC</Filter>
    </ClCompile>
    <ClCompile Include="recompiled\ppc\ppc_recomp.50.cpp">
      <Filter>Source\PowerPC</Filter>
    </ClCompile>
    <ClCompile Include="recompiled\ppc\ppc_recomp.51.cpp">
      <Filter>Source\PowerPC</Filter>
    </ClCompile>
    <ClCompile Include="recompiled\ppc\ppc_recomp.52.cpp">
      <Filter>Source\PowerPC</Filter>
    </ClCompile>
    <ClCompile Include="recompiled\ppc\ppc_recomp.53.cpp">
      <Filter>Source\PowerPC</Filter>
    </ClCompile>
    <ClCompile Include="recompiled\ppc\ppc_recomp.54.cpp">
      <Filter>Source\PowerPC</Filter>
    </ClCompile>
    <ClCompile Include="recompiled\ppc\ppc_recomp.55.cpp">
      <Filter>Source\PowerPC</Filter>
    </ClCompile>
    <ClCompile Include="recompiled\ppc\ppc_recomp.56.cpp">
      <Filter>Source\PowerPC</Filter>
    </ClCompile>
    <ClCompile Include="recompiled\ppc\ppc_recomp.57.cpp">
      <Filter>Source\PowerPC</Filter>
    </ClCompile>
    <ClCompile Include="recompiled\ppc\ppc_recomp.58.cpp">
      <Filter>Source\PowerPC</Filter>
    </ClCompile>
    <ClCompile Include="recompiled\ppc\ppc_recomp.59.cpp">
      <Filter>Source\PowerPC</Filter>
    </ClCompile>
    <ClCompile Include="recompiled\ppc\ppc_recomp.60.cpp">
      <Filter>Source\PowerPC</Filter>
    </ClCompile>
    <ClCompile Include="recompiled\ppc\ppc_recomp.61.cpp">
      <Filter>Source\PowerPC</Filter>
    </ClCompile>
    <ClCompile Include="recompiled\ppc\ppc_recomp.62.cpp">
      <Filter>Source\PowerPC</Filter>
    </ClCompile>
    <ClCompile Include="recompiled\ppc\ppc_recomp.63.cpp">
      <Filter>Source\PowerPC</Filter>
    </ClCompile>
    <ClCompile Include="recompiled\ppc\ppc_recomp.64.cpp">
      <Filter>Source\PowerPC</Filter>
    </ClCompile>
    <ClCompile Include="recompiled\ppc\ppc_recomp.65.cpp">
      <Filter>Source\PowerPC</Filter>
    </ClCompile>
    <ClCompile Include="recompiled\ppc\ppc_recomp.66.cpp">
      <Filter>Source\PowerPC</Filter>
    </ClCompile>
    <ClCompile Include="recompiled\ppc\ppc_recomp.67.cpp">
      <Filter>Source\PowerPC</Filter>
    </ClCompile>
    <ClCompile Include="recompiled\ppc\ppc_recomp.68.cpp">
      <Filter>Source\PowerPC</Filter>
    </ClCompile>
    <ClCompile Include="recompiled\ppc\ppc_recomp.69.cpp">
      <Filter>Source\PowerPC</Filter>
    </ClCompile>
    <ClCompile Include="recompiled\ppc\ppc_recomp.70.cpp">
      <Filter>Source\PowerPC</Filter>
    </ClCompile>
    <ClCompile Include="recompiled\ppc\ppc_recomp.71.cpp">
      <Filter>Source\PowerPC</Filter>
    </ClCompile>
    <ClCompile Include="recompiled\ppc\ppc_recomp.72.cpp">
      <Filter>Source\PowerPC</Filter>
    </ClCompile>
    <ClCompile Include="recompiled\ppc\ppc_recomp.73.cpp">
      <Filter>Source\PowerPC</Filter>
    </ClCompile>
    <ClCompile Include="recompiled\ppc\ppc_recomp.74.cpp">
      <Filter>Source\PowerPC</Filter>
    </ClCompile>
    <ClCompile Include="recompiled\ppc\ppc_recomp.75.cpp">
      <Filter>Source\PowerPC</Filter>
    </ClCompile>
    <ClCompile Include="recompiled\ppc\ppc_recomp.76.cpp">
      <Filter>Source\PowerPC</Filter>
    </ClCompile>
    <ClCompile Include="recompiled\ppc\ppc_recomp.77.cpp">
      <Filter>Source\PowerPC</Filter>
    </ClCompile>
    <ClCompile Include="recompiled\ppc\ppc_recomp.78.cpp">
      <Filter>Source\PowerPC</Filter>
    </ClCompile>
    <ClCompile Include="recompiled\ppc\ppc_recomp.79.cpp">
      <Filter>Source\PowerPC</Filter>
    </ClCompile>
    <ClCompile Include="recompiled\ppc\ppc_recomp.80.cpp">
      <Filter>Source\PowerPC</Filter>
    </ClCompile>
    <ClCompile Include="recompiled\ppc\ppc_recomp.81.cpp">
      <Filter>Source\PowerPC</Filter>
    </ClCompile>
    <ClCompile Include="recompiled\ppc\ppc_recomp.82.cpp">
      <Filter>Source\PowerPC</Filter>
    </ClCompile>
    <ClCompile Include="recompiled\ppc\ppc_recomp.83.cpp">
      <Filter>Source\PowerPC</Filter>
    </ClCompile>
    <ClCompile Include="recompiled\ppc\ppc_recomp.84.cpp">
      <Filter>Source\PowerPC</Filter>
    </ClCompile>
    <ClCompile Include="recompiled\ppc\ppc_recomp.85.cpp">
      <Filter>Source\PowerPC</Filter>
    </ClCompile>
    <ClCompile Include="recompiled\ppc\ppc_recomp.86.cpp">
      <Filter>Source\PowerPC</Filter>
    </ClCompile>
    <ClCompile Include="recompiled\ppc\ppc_recomp.87.cpp">
      <Filter>Source\PowerPC</Filter>
    </ClCompile>
    <ClCompile Include="recompiled\ppc\ppc_recomp.88.cpp">
      <Filter>Source\PowerPC</Filter>
    </ClCompile>
    <ClCompile Include="recompiled\ppc\ppc_recomp.89.cpp">
      <Filter>Source\PowerPC</Filter>
    </ClCompile>
    <ClCompile Include="recompiled\ppc\ppc_recomp.90.cpp">
      <Filter>Source\PowerPC</Filter>
    </ClCompile>
    <ClCompile Include="recompiled\ppc\ppc_recomp.91.cpp">
      <Filter>Source\PowerPC</Filter>
    </ClCompile>
    <ClCompile Include="recompiled\ppc\ppc_recomp.92.cpp">
      <Filter>Source\PowerPC</Filter>
    </ClCompile>
    <ClCompile Include="recompiled\ppc\ppc_recomp.93.cpp">
      <Filter>Source\PowerPC</Filter>
    </ClCompile>
    <ClCompile Include="recompiled\ppc\ppc_recomp.94.cpp">
      <Filter>Source\PowerPC</Filter>
    </ClCompile>
    <ClCompile Include="recompiled\ppc\ppc_recomp.95.cpp">
      <Filter>Source\PowerPC</Filter>
    </ClCompile>
    <ClCompile Include="recompiled\ppc\ppc_recomp.96.cpp">
      <Filter>Source\PowerPC</Filter>
    </ClCompile>
    <ClCompile Include="recompiled\ppc\ppc_recomp.97.cpp">
      <Filter>Source\PowerPC</Filter>
    </ClCompile>
    <ClCompile Include="recompiled\ppc\ppc_recomp.98.cpp">
      <Filter>Source\PowerPC</Filter>
    </ClCompile>
    <ClCompile Include="recompiled\ppc\ppc_recomp.99.cpp">
      <Filter>Source\PowerPC</Filter>
    </ClCompile>
    <ClCompile Include="recompiled\ppc\ppc_recomp.100.cpp">
      <Filter>Source\PowerPC</Filter>
    </ClCompile>
    <ClCompile Include="recompiled\ppc\ppc_recomp.101.cpp">
      <Filter>Source\PowerPC</Filter>
    </ClCompile>
    <ClCompile Include="recompiled\ppc\ppc_recomp.102.cpp">
      <Filter>Source\PowerPC</Filter>
    </ClCompile>
    <ClCompile Include="recompiled\ppc\ppc_recomp.103.cpp">
      <Filter>Source\PowerPC</Filter>
    </ClCompile>
    <ClCompile Include="recompiled\ppc\ppc_recomp.104.cpp">
      <Filter>Source\PowerPC</Filter>
    </ClCompile>
    <ClCompile Include="recompiled\ppc\ppc_recomp.105.cpp">
      <Filter>Source\PowerPC</Filter>
    </ClCompile>
    <ClCompile Include="runtime\kernel\imports.cpp">
      <Filter>Source\Runtime\Kernel</Filter>
    </ClCompile>
    <ClCompile Include="runtime\kernel\memory.cpp">
      <Filter>Source\Runtime\Kernel</Filter>
    </ClCompile>
    <ClCompile Include="runtime\kernel\xdm.cpp">
      <Filter>Source\Runtime\Kernel</Filter>
    </ClCompile>
    <ClCompile Include="runtime\xenon\guest_thread.cpp">
      <Filter>Source\Runtime\Xenon</Filter>
    </ClCompile>
    <ClCompile Include="runtime\kernel\xam.cpp">
      <Filter>Source\Runtime\Kernel</Filter>
    </ClCompile>
    <ClCompile Include="dependencies\o1heap.c">
      <Filter>Dependencies</Filter>
    </ClCompile>
    <ClCompile Include="runtime\xaudio\xaudio.cpp">
      <Filter>Source\Runtime\XAudio</Filter>
    </ClCompile>
    <ClCompile Include="runtime\xaudio\driver\sdl2_driver.cpp">
      <Filter>Source\Runtime\XAudio\Driver</Filter>
    </ClCompile>
    <ClCompile Include="runtime\main.cpp">
      <Filter>Source</Filter>
    </ClCompile>
    <ClCompile Include="runtime\kernel\heap.cpp">
      <Filter>Source\Runtime\Kernel</Filter>
    </ClCompile>
    <ClCompile Include="runtime\kernel\file_system.cpp">
      <Filter>Source\Runtime\Kernel</Filter>
    </ClCompile>
    <ClCompile Include="runtime\patches\patches.cpp">
      <Filter>Source\Runtime\Kernel</Filter>
    </ClCompile>
    <ClCompile Include="runtime\direct3d9\driver.cpp">
      <Filter>Source\Runtime\Direct3D 9</Filter>
    </ClCompile>
  </ItemGroup>
</Project>